
Microsoft Visual Studio Solution File, Format Version 12.00
# Visual Studio 15
VisualStudioVersion = 15.0.28010.2036
MinimumVisualStudioVersion = 10.0.40219.1
Project("{FAE04EC0-301F-11D3-BF4B-00C04F79EFBC}") = "CleanCode", "CleanCode\CleanCode.csproj", "{E24E855E-9B92-4E66-B0FE-139756521CA3}"
EndProject
Project("{FAE04EC0-301F-11D3-BF4B-00C04F79EFBC}") = "TextParser", "TextParser\TextParser.csproj", "{E510F7D0-CCF7-41A9-9A41-4B429DD72D1A}"
EndProject
Project("{FAE04EC0-301F-11D3-BF4B-00C04F79EFBC}") = "TextParser.Tests", "TextParser.Tests\TextParser.Tests.csproj", "{1807F237-9445-4DB2-8B70-1950CE996619}"
EndProject
Global
	GlobalSection(SolutionConfigurationPlatforms) = preSolution
		Debug|Any CPU = Debug|Any CPU
		Release|Any CPU = Release|Any CPU
	EndGlobalSection
	GlobalSection(ProjectConfigurationPlatforms) = postSolution
		{E24E855E-9B92-4E66-B0FE-139756521CA3}.Debug|Any CPU.ActiveCfg = Debug|Any CPU
		{E24E855E-9B92-4E66-B0FE-139756521CA3}.Debug|Any CPU.Build.0 = Debug|Any CPU
		{E24E855E-9B92-4E66-B0FE-139756521CA3}.Release|Any CPU.ActiveCfg = Release|Any CPU
		{E24E855E-9B92-4E66-B0FE-139756521CA3}.Release|Any CPU.Build.0 = Release|Any CPU
		{E510F7D0-CCF7-41A9-9A41-4B429DD72D1A}.Debug|Any CPU.ActiveCfg = Debug|Any CPU
		{E510F7D0-CCF7-41A9-9A41-4B429DD72D1A}.Debug|Any CPU.Build.0 = Debug|Any CPU
		{E510F7D0-CCF7-41A9-9A41-4B429DD72D1A}.Release|Any CPU.ActiveCfg = Release|Any CPU
		{E510F7D0-CCF7-41A9-9A41-4B429DD72D1A}.Release|Any CPU.Build.0 = Release|Any CPU
		{1807F237-9445-4DB2-8B70-1950CE996619}.Debug|Any CPU.ActiveCfg = Debug|Any CPU
		{1807F237-9445-4DB2-8B70-1950CE996619}.Debug|Any CPU.Build.0 = Debug|Any CPU
		{1807F237-9445-4DB2-8B70-1950CE996619}.Release|Any CPU.ActiveCfg = Release|Any CPU
		{1807F237-9445-4DB2-8B70-1950CE996619}.Release|Any CPU.Build.0 = Release|Any CPU
	EndGlobalSection
	GlobalSection(SolutionProperties) = preSolution
		HideSolutionNode = FALSE
	EndGlobalSection
	GlobalSection(ExtensibilityGlobals) = postSolution
		SolutionGuid = {3000ECF6-E283-48E6-B8CC-981ABF44C584}
	EndGlobalSection
EndGlobal
