
Microsoft Visual Studio Solution File, Format Version 12.00
Project("{FAE04EC0-301F-11D3-BF4B-00C04F79EFBC}") = "Client.Models", "Client.Models\Client.Models.csproj", "{E5B3B77E-035B-4C85-9BE0-2D5297FCCC78}"
EndProject
Project("{FAE04EC0-301F-11D3-BF4B-00C04F79EFBC}") = "Models", "Models\Models.csproj", "{2CD0E6BA-45D4-4FE7-BF20-5D2C7EB4D08F}"
EndProject
Project("{FAE04EC0-301F-11D3-BF4B-00C04F79EFBC}") = "Converters", "Converters\Converters.csproj", "{C3CF9905-9A26-4BD9-A7D5-E71AA82C6E60}"
EndProject
Global
	GlobalSection(SolutionConfigurationPlatforms) = preSolution
		Debug|Any CPU = Debug|Any CPU
		Release|Any CPU = Release|Any CPU
	EndGlobalSection
	GlobalSection(ProjectConfigurationPlatforms) = postSolution
		{E5B3B77E-035B-4C85-9BE0-2D5297FCCC78}.Debug|Any CPU.ActiveCfg = Debug|Any CPU
		{E5B3B77E-035B-4C85-9BE0-2D5297FCCC78}.Debug|Any CPU.Build.0 = Debug|Any CPU
		{E5B3B77E-035B-4C85-9BE0-2D5297FCCC78}.Release|Any CPU.ActiveCfg = Release|Any CPU
		{E5B3B77E-035B-4C85-9BE0-2D5297FCCC78}.Release|Any CPU.Build.0 = Release|Any CPU
		{2CD0E6BA-45D4-4FE7-BF20-5D2C7EB4D08F}.Debug|Any CPU.ActiveCfg = Debug|Any CPU
		{2CD0E6BA-45D4-4FE7-BF20-5D2C7EB4D08F}.Debug|Any CPU.Build.0 = Debug|Any CPU
		{2CD0E6BA-45D4-4FE7-BF20-5D2C7EB4D08F}.Release|Any CPU.ActiveCfg = Release|Any CPU
		{2CD0E6BA-45D4-4FE7-BF20-5D2C7EB4D08F}.Release|Any CPU.Build.0 = Release|Any CPU
		{C3CF9905-9A26-4BD9-A7D5-E71AA82C6E60}.Debug|Any CPU.ActiveCfg = Debug|Any CPU
		{C3CF9905-9A26-4BD9-A7D5-E71AA82C6E60}.Debug|Any CPU.Build.0 = Debug|Any CPU
		{C3CF9905-9A26-4BD9-A7D5-E71AA82C6E60}.Release|Any CPU.ActiveCfg = Release|Any CPU
		{C3CF9905-9A26-4BD9-A7D5-E71AA82C6E60}.Release|Any CPU.Build.0 = Release|Any CPU
	EndGlobalSection
EndGlobal
